
Microsoft Visual Studio Solution File, Format Version 12.00
# Visual Studio 15
VisualStudioVersion = 15.0.27428.2043
MinimumVisualStudioVersion = 10.0.40219.1
Project("{FAE04EC0-301F-11D3-BF4B-00C04F79EFBC}") = "SportsStore", "SportsStore\SportsStore.csproj", "{F82EF644-EE2F-4A7C-ADA6-26A63A87B5EC}"
EndProject
Project("{FAE04EC0-301F-11D3-BF4B-00C04F79EFBC}") = "SportsStore.Tests", "SportsStore.Tests\SportsStore.Tests.csproj", "{5020FAE2-EC26-4736-9519-85987D5451B6}"
EndProject
Global
	GlobalSection(SolutionConfigurationPlatforms) = preSolution
		Debug|Any CPU = Debug|Any CPU
		Release|Any CPU = Release|Any CPU
	EndGlobalSection
	GlobalSection(ProjectConfigurationPlatforms) = postSolution
		{F82EF644-EE2F-4A7C-ADA6-26A63A87B5EC}.Debug|Any CPU.ActiveCfg = Debug|Any CPU
		{F82EF644-EE2F-4A7C-ADA6-26A63A87B5EC}.Debug|Any CPU.Build.0 = Debug|Any CPU
		{F82EF644-EE2F-4A7C-ADA6-26A63A87B5EC}.Release|Any CPU.ActiveCfg = Release|Any CPU
		{F82EF644-EE2F-4A7C-ADA6-26A63A87B5EC}.Release|Any CPU.Build.0 = Release|Any CPU
		{5020FAE2-EC26-4736-9519-85987D5451B6}.Debug|Any CPU.ActiveCfg = Debug|Any CPU
		{5020FAE2-EC26-4736-9519-85987D5451B6}.Debug|Any CPU.Build.0 = Debug|Any CPU
		{5020FAE2-EC26-4736-9519-85987D5451B6}.Release|Any CPU.ActiveCfg = Release|Any CPU
		{5020FAE2-EC26-4736-9519-85987D5451B6}.Release|Any CPU.Build.0 = Release|Any CPU
	EndGlobalSection
	GlobalSection(SolutionProperties) = preSolution
		HideSolutionNode = FALSE
	EndGlobalSection
	GlobalSection(ExtensibilityGlobals) = postSolution
		SolutionGuid = {310AE8ED-6FE1-421F-9542-72A37208BC7E}
	EndGlobalSection
EndGlobal
